
Microsoft Visual Studio Solution File, Format Version 12.00
# Visual Studio Version 17
VisualStudioVersion = 17.10.35027.167
MinimumVisualStudioVersion = 10.0.40219.1
Project("{2150E333-8FDC-42A3-9474-1A3956D46DE8}") = "src", "src", "{6814F4CE-4F7F-47C0-B13E-BE17A74229BA}"
EndProject
Project("{2150E333-8FDC-42A3-9474-1A3956D46DE8}") = "tests", "tests", "{8DD3B1F6-5622-47C4-89AB-FE325938409F}"
EndProject
Project("{9A19103F-16F7-4668-BE54-9A1E7A4F7556}") = "CashFlow.Api", "src\CashFlow.Api\CashFlow.Api.csproj", "{EED2BFF0-66BB-4ADA-96D3-BD398887B9B0}"
EndProject
Project("{9A19103F-16F7-4668-BE54-9A1E7A4F7556}") = "CashFlow.Domain", "src\CashFlow.Domain\CashFlow.Domain.csproj", "{AD2B8AC4-F4B6-445E-A019-50C6858D9E5A}"
EndProject
Project("{9A19103F-16F7-4668-BE54-9A1E7A4F7556}") = "CashFlow.Communication", "src\CashFlow.Communication\CashFlow.Communication.csproj", "{9A3575A7-6D36-4172-9178-2EB34B43E040}"
EndProject
Project("{9A19103F-16F7-4668-BE54-9A1E7A4F7556}") = "CashFlow.Exception", "src\CashFlow.Exception\CashFlow.Exception.csproj", "{90C39D8A-522E-4E36-AC7B-DDFACE8F9530}"
EndProject
Project("{9A19103F-16F7-4668-BE54-9A1E7A4F7556}") = "CashFlow.Infrastructure", "src\CashFlow.Infrastructure\CashFlow.Infrastructure.csproj", "{16C91D8C-C141-4747-89E2-98DB7155E121}"
EndProject
Project("{9A19103F-16F7-4668-BE54-9A1E7A4F7556}") = "CashFlow.Application", "src\CashFlow.Application\CashFlow.Application.csproj", "{E663C091-B240-423C-BB7A-832805A90F1C}"
EndProject
Project("{2150E333-8FDC-42A3-9474-1A3956D46DE8}") = "Solution Items", "Solution Items", "{0BB54F58-E698-4BE2-97E6-8F72A6831AE3}"
	ProjectSection(SolutionItems) = preProject
		.gitignore = .gitignore
	EndProjectSection
EndProject
Project("{FAE04EC0-301F-11D3-BF4B-00C04F79EFBC}") = "Validators.Tests", "tests\Validators.Tests\Validators.Tests.csproj", "{7F29C249-FCB5-41E8-AE01-01AF5BE1A3E7}"
EndProject
Project("{FAE04EC0-301F-11D3-BF4B-00C04F79EFBC}") = "CommonTestUtilities", "tests\CommonTestUtilities\CommonTestUtilities.csproj", "{7BA1E53F-D759-4893-BFA3-7B7F60C77DA0}"
EndProject
Global
	GlobalSection(SolutionConfigurationPlatforms) = preSolution
		Debug|Any CPU = Debug|Any CPU
		Release|Any CPU = Release|Any CPU
	EndGlobalSection
	GlobalSection(ProjectConfigurationPlatforms) = postSolution
		{EED2BFF0-66BB-4ADA-96D3-BD398887B9B0}.Debug|Any CPU.ActiveCfg = Debug|Any CPU
		{EED2BFF0-66BB-4ADA-96D3-BD398887B9B0}.Debug|Any CPU.Build.0 = Debug|Any CPU
		{EED2BFF0-66BB-4ADA-96D3-BD398887B9B0}.Release|Any CPU.ActiveCfg = Release|Any CPU
		{EED2BFF0-66BB-4ADA-96D3-BD398887B9B0}.Release|Any CPU.Build.0 = Release|Any CPU
		{AD2B8AC4-F4B6-445E-A019-50C6858D9E5A}.Debug|Any CPU.ActiveCfg = Debug|Any CPU
		{AD2B8AC4-F4B6-445E-A019-50C6858D9E5A}.Debug|Any CPU.Build.0 = Debug|Any CPU
		{AD2B8AC4-F4B6-445E-A019-50C6858D9E5A}.Release|Any CPU.ActiveCfg = Release|Any CPU
		{AD2B8AC4-F4B6-445E-A019-50C6858D9E5A}.Release|Any CPU.Build.0 = Release|Any CPU
		{9A3575A7-6D36-4172-9178-2EB34B43E040}.Debug|Any CPU.ActiveCfg = Debug|Any CPU
		{9A3575A7-6D36-4172-9178-2EB34B43E040}.Debug|Any CPU.Build.0 = Debug|Any CPU
		{9A3575A7-6D36-4172-9178-2EB34B43E040}.Release|Any CPU.ActiveCfg = Release|Any CPU
		{9A3575A7-6D36-4172-9178-2EB34B43E040}.Release|Any CPU.Build.0 = Release|Any CPU
		{90C39D8A-522E-4E36-AC7B-DDFACE8F9530}.Debug|Any CPU.ActiveCfg = Debug|Any CPU
		{90C39D8A-522E-4E36-AC7B-DDFACE8F9530}.Debug|Any CPU.Build.0 = Debug|Any CPU
		{90C39D8A-522E-4E36-AC7B-DDFACE8F9530}.Release|Any CPU.ActiveCfg = Release|Any CPU
		{90C39D8A-522E-4E36-AC7B-DDFACE8F9530}.Release|Any CPU.Build.0 = Release|Any CPU
		{16C91D8C-C141-4747-89E2-98DB7155E121}.Debug|Any CPU.ActiveCfg = Debug|Any CPU
		{16C91D8C-C141-4747-89E2-98DB7155E121}.Debug|Any CPU.Build.0 = Debug|Any CPU
		{16C91D8C-C141-4747-89E2-98DB7155E121}.Release|Any CPU.ActiveCfg = Release|Any CPU
		{16C91D8C-C141-4747-89E2-98DB7155E121}.Release|Any CPU.Build.0 = Release|Any CPU
		{E663C091-B240-423C-BB7A-832805A90F1C}.Debug|Any CPU.ActiveCfg = Debug|Any CPU
		{E663C091-B240-423C-BB7A-832805A90F1C}.Debug|Any CPU.Build.0 = Debug|Any CPU
		{E663C091-B240-423C-BB7A-832805A90F1C}.Release|Any CPU.ActiveCfg = Release|Any CPU
		{E663C091-B240-423C-BB7A-832805A90F1C}.Release|Any CPU.Build.0 = Release|Any CPU
		{7F29C249-FCB5-41E8-AE01-01AF5BE1A3E7}.Debug|Any CPU.ActiveCfg = Debug|Any CPU
		{7F29C249-FCB5-41E8-AE01-01AF5BE1A3E7}.Debug|Any CPU.Build.0 = Debug|Any CPU
		{7F29C249-FCB5-41E8-AE01-01AF5BE1A3E7}.Release|Any CPU.ActiveCfg = Release|Any CPU
		{7F29C249-FCB5-41E8-AE01-01AF5BE1A3E7}.Release|Any CPU.Build.0 = Release|Any CPU
		{7BA1E53F-D759-4893-BFA3-7B7F60C77DA0}.Debug|Any CPU.ActiveCfg = Debug|Any CPU
		{7BA1E53F-D759-4893-BFA3-7B7F60C77DA0}.Debug|Any CPU.Build.0 = Debug|Any CPU
		{7BA1E53F-D759-4893-BFA3-7B7F60C77DA0}.Release|Any CPU.ActiveCfg = Release|Any CPU
		{7BA1E53F-D759-4893-BFA3-7B7F60C77DA0}.Release|Any CPU.Build.0 = Release|Any CPU
	EndGlobalSection
	GlobalSection(SolutionProperties) = preSolution
		HideSolutionNode = FALSE
	EndGlobalSection
	GlobalSection(NestedProjects) = preSolution
		{EED2BFF0-66BB-4ADA-96D3-BD398887B9B0} = {6814F4CE-4F7F-47C0-B13E-BE17A74229BA}
		{AD2B8AC4-F4B6-445E-A019-50C6858D9E5A} = {6814F4CE-4F7F-47C0-B13E-BE17A74229BA}
		{9A3575A7-6D36-4172-9178-2EB34B43E040} = {6814F4CE-4F7F-47C0-B13E-BE17A74229BA}
		{90C39D8A-522E-4E36-AC7B-DDFACE8F9530} = {6814F4CE-4F7F-47C0-B13E-BE17A74229BA}
		{16C91D8C-C141-4747-89E2-98DB7155E121} = {6814F4CE-4F7F-47C0-B13E-BE17A74229BA}
		{E663C091-B240-423C-BB7A-832805A90F1C} = {6814F4CE-4F7F-47C0-B13E-BE17A74229BA}
		{7F29C249-FCB5-41E8-AE01-01AF5BE1A3E7} = {8DD3B1F6-5622-47C4-89AB-FE325938409F}
		{7BA1E53F-D759-4893-BFA3-7B7F60C77DA0} = {8DD3B1F6-5622-47C4-89AB-FE325938409F}
	EndGlobalSection
	GlobalSection(ExtensibilityGlobals) = postSolution
		SolutionGuid = {A38CE7E3-82D4-4CC2-9120-116D0B05C191}
	EndGlobalSection
EndGlobal
